
Microsoft Visual Studio Solution File, Format Version 12.00
# Visual Studio Version 17
VisualStudioVersion = 17.12.35527.113 d17.12
MinimumVisualStudioVersion = 10.0.40219.1
Project("{FAE04EC0-301F-11D3-BF4B-00C04F79EFBC}") = "QPLIX.PortfolioManager.ConsoleApp", "QPLIX.PortfolioManager\QPLIX.PortfolioManager.ConsoleApp.csproj", "{29F34EC3-EF20-47AB-B061-5ACD7D18FD4B}"
EndProject
Project("{FAE04EC0-301F-11D3-BF4B-00C04F79EFBC}") = "QPLIX.PortfolioManager.Domain", "QPLIX.PortfolioManager.Domain\QPLIX.PortfolioManager.Domain.csproj", "{D282B106-A3A7-4C7C-BD85-002EF3A70961}"
EndProject
Project("{FAE04EC0-301F-11D3-BF4B-00C04F79EFBC}") = "QPLIX.PortfolioManager.Repositories", "QPLIX.PortfolioManager.Repositories\QPLIX.PortfolioManager.Repositories.csproj", "{C33407EE-6DC3-4D06-B34A-0D552EB3B3E7}"
EndProject
Project("{FAE04EC0-301F-11D3-BF4B-00C04F79EFBC}") = "QPLIX.PortfolioManager.CSVManager", "QPLIX.PortfolioManager.CSVManager\QPLIX.PortfolioManager.CSVManager.csproj", "{4F602FC2-4431-4707-9EC3-1901817BD363}"
EndProject
Project("{FAE04EC0-301F-11D3-BF4B-00C04F79EFBC}") = "QPLIX.PortfolioManager.Common", "QPLIX.PortfolioManager.Common\QPLIX.PortfolioManager.Common.csproj", "{9D510A39-2142-4697-8A57-726B2E2C3A61}"
EndProject
Global
	GlobalSection(SolutionConfigurationPlatforms) = preSolution
		Debug|Any CPU = Debug|Any CPU
		Release|Any CPU = Release|Any CPU
	EndGlobalSection
	GlobalSection(ProjectConfigurationPlatforms) = postSolution
		{29F34EC3-EF20-47AB-B061-5ACD7D18FD4B}.Debug|Any CPU.ActiveCfg = Debug|Any CPU
		{29F34EC3-EF20-47AB-B061-5ACD7D18FD4B}.Debug|Any CPU.Build.0 = Debug|Any CPU
		{29F34EC3-EF20-47AB-B061-5ACD7D18FD4B}.Release|Any CPU.ActiveCfg = Release|Any CPU
		{29F34EC3-EF20-47AB-B061-5ACD7D18FD4B}.Release|Any CPU.Build.0 = Release|Any CPU
		{D282B106-A3A7-4C7C-BD85-002EF3A70961}.Debug|Any CPU.ActiveCfg = Debug|Any CPU
		{D282B106-A3A7-4C7C-BD85-002EF3A70961}.Debug|Any CPU.Build.0 = Debug|Any CPU
		{D282B106-A3A7-4C7C-BD85-002EF3A70961}.Release|Any CPU.ActiveCfg = Release|Any CPU
		{D282B106-A3A7-4C7C-BD85-002EF3A70961}.Release|Any CPU.Build.0 = Release|Any CPU
		{C33407EE-6DC3-4D06-B34A-0D552EB3B3E7}.Debug|Any CPU.ActiveCfg = Debug|Any CPU
		{C33407EE-6DC3-4D06-B34A-0D552EB3B3E7}.Debug|Any CPU.Build.0 = Debug|Any CPU
		{C33407EE-6DC3-4D06-B34A-0D552EB3B3E7}.Release|Any CPU.ActiveCfg = Release|Any CPU
		{C33407EE-6DC3-4D06-B34A-0D552EB3B3E7}.Release|Any CPU.Build.0 = Release|Any CPU
		{4F602FC2-4431-4707-9EC3-1901817BD363}.Debug|Any CPU.ActiveCfg = Debug|Any CPU
		{4F602FC2-4431-4707-9EC3-1901817BD363}.Debug|Any CPU.Build.0 = Debug|Any CPU
		{4F602FC2-4431-4707-9EC3-1901817BD363}.Release|Any CPU.ActiveCfg = Release|Any CPU
		{4F602FC2-4431-4707-9EC3-1901817BD363}.Release|Any CPU.Build.0 = Release|Any CPU
		{9D510A39-2142-4697-8A57-726B2E2C3A61}.Debug|Any CPU.ActiveCfg = Debug|Any CPU
		{9D510A39-2142-4697-8A57-726B2E2C3A61}.Debug|Any CPU.Build.0 = Debug|Any CPU
		{9D510A39-2142-4697-8A57-726B2E2C3A61}.Release|Any CPU.ActiveCfg = Release|Any CPU
		{9D510A39-2142-4697-8A57-726B2E2C3A61}.Release|Any CPU.Build.0 = Release|Any CPU
	EndGlobalSection
	GlobalSection(SolutionProperties) = preSolution
		HideSolutionNode = FALSE
	EndGlobalSection
EndGlobal
